// !$*UTF8*$!
{
	archiveVersion = 1;
	classes = {
	};
	objectVersion = 56;
	objects = {

/* Begin PBXBuildFile section */
		F36205582B8C961F009DB477 /* ScanObjectApp.swift in Sources */ = {isa = PBXBuildFile; fileRef = F36205572B8C961F009DB477 /* ScanObjectApp.swift */; };
		F362055A2B8C961F009DB477 /* ContentView.swift in Sources */ = {isa = PBXBuildFile; fileRef = F36205592B8C961F009DB477 /* ContentView.swift */; };
		F362055C2B8C9620009DB477 /* Assets.xcassets in Resources */ = {isa = PBXBuildFile; fileRef = F362055B2B8C9620009DB477 /* Assets.xcassets */; };
		F362055F2B8C9620009DB477 /* Preview Assets.xcassets in Resources */ = {isa = PBXBuildFile; fileRef = F362055E2B8C9620009DB477 /* Preview Assets.xcassets */; };
		F36205672B8C96C8009DB477 /* AppDataModel.swift in Sources */ = {isa = PBXBuildFile; fileRef = F36205662B8C96C8009DB477 /* AppDataModel.swift */; };
		F362056A2B8C9777009DB477 /* CaptureFolderManager.swift in Sources */ = {isa = PBXBuildFile; fileRef = F36205692B8C9777009DB477 /* CaptureFolderManager.swift */; };
		F362056C2B8C97C1009DB477 /* ShotFileInfo.swift in Sources */ = {isa = PBXBuildFile; fileRef = F362056B2B8C97C1009DB477 /* ShotFileInfo.swift */; };
		F362056E2B8C988A009DB477 /* TimedMessageList.swift in Sources */ = {isa = PBXBuildFile; fileRef = F362056D2B8C988A009DB477 /* TimedMessageList.swift */; };
		F36205702B8C98E7009DB477 /* AppDataModel+State.swift in Sources */ = {isa = PBXBuildFile; fileRef = F362056F2B8C98E7009DB477 /* AppDataModel+State.swift */; };
		F36205722B8C9951009DB477 /* AppDataModel+Orbit.swift in Sources */ = {isa = PBXBuildFile; fileRef = F36205712B8C9951009DB477 /* AppDataModel+Orbit.swift */; };
		F36205742B8C9A2F009DB477 /* FeedbackMessages.swift in Sources */ = {isa = PBXBuildFile; fileRef = F36205732B8C9A2F009DB477 /* FeedbackMessages.swift */; };
		F36205762B8C9AA6009DB477 /* OnboardingStateMachine.swift in Sources */ = {isa = PBXBuildFile; fileRef = F36205752B8C9AA6009DB477 /* OnboardingStateMachine.swift */; };
		F36205792B8CA6C2009DB477 /* CapturePrimaryView.swift in Sources */ = {isa = PBXBuildFile; fileRef = F36205782B8CA6C2009DB477 /* CapturePrimaryView.swift */; };
		F362057B2B8CA721009DB477 /* CaptureOverlayView.swift in Sources */ = {isa = PBXBuildFile; fileRef = F362057A2B8CA721009DB477 /* CaptureOverlayView.swift */; };
		F362057D2B8CA832009DB477 /* CaptureOverlayView+Buttons.swift in Sources */ = {isa = PBXBuildFile; fileRef = F362057C2B8CA832009DB477 /* CaptureOverlayView+Buttons.swift */; };
		F362057F2B8CA960009DB477 /* CaptureOverlayView+LocalizedString.swift in Sources */ = {isa = PBXBuildFile; fileRef = F362057E2B8CA960009DB477 /* CaptureOverlayView+LocalizedString.swift */; };
		F38C56032B8D03D4004C9A6D /* PlayerView.swift in Sources */ = {isa = PBXBuildFile; fileRef = F38C56022B8D03D4004C9A6D /* PlayerView.swift */; };
		F38C56052B8D042A004C9A6D /* TutorialVideoView.swift in Sources */ = {isa = PBXBuildFile; fileRef = F38C56042B8D042A004C9A6D /* TutorialVideoView.swift */; };
		F38C56072B8D045F004C9A6D /* FeedbackView.swift in Sources */ = {isa = PBXBuildFile; fileRef = F38C56062B8D045F004C9A6D /* FeedbackView.swift */; };
		F38C56092B8D04AB004C9A6D /* HelpPageView.swift in Sources */ = {isa = PBXBuildFile; fileRef = F38C56082B8D04AB004C9A6D /* HelpPageView.swift */; };
		F38C560B2B8D04F0004C9A6D /* OnboardingView.swift in Sources */ = {isa = PBXBuildFile; fileRef = F38C560A2B8D04F0004C9A6D /* OnboardingView.swift */; };
		F38C560D2B8D0530004C9A6D /* OnboardingTutorialView.swift in Sources */ = {isa = PBXBuildFile; fileRef = F38C560C2B8D0530004C9A6D /* OnboardingTutorialView.swift */; };
		F38C560F2B8D0569004C9A6D /* OnboardingTutorialView+LocalizedString.swift in Sources */ = {isa = PBXBuildFile; fileRef = F38C560E2B8D0569004C9A6D /* OnboardingTutorialView+LocalizedString.swift */; };
		F38C56112B8D0857004C9A6D /* ReconstructionPrimaryView.swift in Sources */ = {isa = PBXBuildFile; fileRef = F38C56102B8D0857004C9A6D /* ReconstructionPrimaryView.swift */; };
		F38C56132B8D088C004C9A6D /* ModelView.swift in Sources */ = {isa = PBXBuildFile; fileRef = F38C56122B8D088C004C9A6D /* ModelView.swift */; };
		F38C56152B8D08D4004C9A6D /* ProgressBarView.swift in Sources */ = {isa = PBXBuildFile; fileRef = F38C56142B8D08D4004C9A6D /* ProgressBarView.swift */; };
		F38C56172B8D0902004C9A6D /* UntilProcessingCompleteFilter.swift in Sources */ = {isa = PBXBuildFile; fileRef = F38C56162B8D0902004C9A6D /* UntilProcessingCompleteFilter.swift */; };
		F38C56192B8D09DB004C9A6D /* OnboardingButtonView.swift in Sources */ = {isa = PBXBuildFile; fileRef = F38C56182B8D09DB004C9A6D /* OnboardingButtonView.swift */; };
		F38C561B2B8D0A0C004C9A6D /* OnboardingButtonView+LocalizedString.swift in Sources */ = {isa = PBXBuildFile; fileRef = F38C561A2B8D0A0C004C9A6D /* OnboardingButtonView+LocalizedString.swift */; };
/* End PBXBuildFile section */

/* Begin PBXFileReference section */
		F36205542B8C961F009DB477 /* ScanObject.app */ = {isa = PBXFileReference; explicitFileType = wrapper.application; includeInIndex = 0; path = ScanObject.app; sourceTree = BUILT_PRODUCTS_DIR; };
		F36205572B8C961F009DB477 /* ScanObjectApp.swift */ = {isa = PBXFileReference; lastKnownFileType = sourcecode.swift; path = ScanObjectApp.swift; sourceTree = "<group>"; };
		F36205592B8C961F009DB477 /* ContentView.swift */ = {isa = PBXFileReference; lastKnownFileType = sourcecode.swift; path = ContentView.swift; sourceTree = "<group>"; };
		F362055B2B8C9620009DB477 /* Assets.xcassets */ = {isa = PBXFileReference; lastKnownFileType = folder.assetcatalog; path = Assets.xcassets; sourceTree = "<group>"; };
		F362055E2B8C9620009DB477 /* Preview Assets.xcassets */ = {isa = PBXFileReference; lastKnownFileType = folder.assetcatalog; path = "Preview Assets.xcassets"; sourceTree = "<group>"; };
		F36205662B8C96C8009DB477 /* AppDataModel.swift */ = {isa = PBXFileReference; lastKnownFileType = sourcecode.swift; path = AppDataModel.swift; sourceTree = "<group>"; };
		F36205692B8C9777009DB477 /* CaptureFolderManager.swift */ = {isa = PBXFileReference; lastKnownFileType = sourcecode.swift; path = CaptureFolderManager.swift; sourceTree = "<group>"; };
		F362056B2B8C97C1009DB477 /* ShotFileInfo.swift */ = {isa = PBXFileReference; lastKnownFileType = sourcecode.swift; path = ShotFileInfo.swift; sourceTree = "<group>"; };
		F362056D2B8C988A009DB477 /* TimedMessageList.swift */ = {isa = PBXFileReference; lastKnownFileType = sourcecode.swift; path = TimedMessageList.swift; sourceTree = "<group>"; };
		F362056F2B8C98E7009DB477 /* AppDataModel+State.swift */ = {isa = PBXFileReference; lastKnownFileType = sourcecode.swift; path = "AppDataModel+State.swift"; sourceTree = "<group>"; };
		F36205712B8C9951009DB477 /* AppDataModel+Orbit.swift */ = {isa = PBXFileReference; lastKnownFileType = sourcecode.swift; path = "AppDataModel+Orbit.swift"; sourceTree = "<group>"; };
		F36205732B8C9A2F009DB477 /* FeedbackMessages.swift */ = {isa = PBXFileReference; lastKnownFileType = sourcecode.swift; path = FeedbackMessages.swift; sourceTree = "<group>"; };
		F36205752B8C9AA6009DB477 /* OnboardingStateMachine.swift */ = {isa = PBXFileReference; lastKnownFileType = sourcecode.swift; path = OnboardingStateMachine.swift; sourceTree = "<group>"; };
		F36205782B8CA6C2009DB477 /* CapturePrimaryView.swift */ = {isa = PBXFileReference; lastKnownFileType = sourcecode.swift; path = CapturePrimaryView.swift; sourceTree = "<group>"; };
		F362057A2B8CA721009DB477 /* CaptureOverlayView.swift */ = {isa = PBXFileReference; lastKnownFileType = sourcecode.swift; path = CaptureOverlayView.swift; sourceTree = "<group>"; };
		F362057C2B8CA832009DB477 /* CaptureOverlayView+Buttons.swift */ = {isa = PBXFileReference; lastKnownFileType = sourcecode.swift; path = "CaptureOverlayView+Buttons.swift"; sourceTree = "<group>"; };
		F362057E2B8CA960009DB477 /* CaptureOverlayView+LocalizedString.swift */ = {isa = PBXFileReference; lastKnownFileType = sourcecode.swift; path = "CaptureOverlayView+LocalizedString.swift"; sourceTree = "<group>"; };
		F38C56022B8D03D4004C9A6D /* PlayerView.swift */ = {isa = PBXFileReference; lastKnownFileType = sourcecode.swift; path = PlayerView.swift; sourceTree = "<group>"; };
		F38C56042B8D042A004C9A6D /* TutorialVideoView.swift */ = {isa = PBXFileReference; lastKnownFileType = sourcecode.swift; path = TutorialVideoView.swift; sourceTree = "<group>"; };
		F38C56062B8D045F004C9A6D /* FeedbackView.swift */ = {isa = PBXFileReference; lastKnownFileType = sourcecode.swift; path = FeedbackView.swift; sourceTree = "<group>"; };
		F38C56082B8D04AB004C9A6D /* HelpPageView.swift */ = {isa = PBXFileReference; lastKnownFileType = sourcecode.swift; path = HelpPageView.swift; sourceTree = "<group>"; };
		F38C560A2B8D04F0004C9A6D /* OnboardingView.swift */ = {isa = PBXFileReference; lastKnownFileType = sourcecode.swift; path = OnboardingView.swift; sourceTree = "<group>"; };
		F38C560C2B8D0530004C9A6D /* OnboardingTutorialView.swift */ = {isa = PBXFileReference; lastKnownFileType = sourcecode.swift; path = OnboardingTutorialView.swift; sourceTree = "<group>"; };
		F38C560E2B8D0569004C9A6D /* OnboardingTutorialView+LocalizedString.swift */ = {isa = PBXFileReference; lastKnownFileType = sourcecode.swift; path = "OnboardingTutorialView+LocalizedString.swift"; sourceTree = "<group>"; };
		F38C56102B8D0857004C9A6D /* ReconstructionPrimaryView.swift */ = {isa = PBXFileReference; lastKnownFileType = sourcecode.swift; path = ReconstructionPrimaryView.swift; sourceTree = "<group>"; };
		F38C56122B8D088C004C9A6D /* ModelView.swift */ = {isa = PBXFileReference; lastKnownFileType = sourcecode.swift; path = ModelView.swift; sourceTree = "<group>"; };
		F38C56142B8D08D4004C9A6D /* ProgressBarView.swift */ = {isa = PBXFileReference; lastKnownFileType = sourcecode.swift; path = ProgressBarView.swift; sourceTree = "<group>"; };
		F38C56162B8D0902004C9A6D /* UntilProcessingCompleteFilter.swift */ = {isa = PBXFileReference; lastKnownFileType = sourcecode.swift; path = UntilProcessingCompleteFilter.swift; sourceTree = "<group>"; };
		F38C56182B8D09DB004C9A6D /* OnboardingButtonView.swift */ = {isa = PBXFileReference; lastKnownFileType = sourcecode.swift; path = OnboardingButtonView.swift; sourceTree = "<group>"; };
		F38C561A2B8D0A0C004C9A6D /* OnboardingButtonView+LocalizedString.swift */ = {isa = PBXFileReference; lastKnownFileType = sourcecode.swift; path = "OnboardingButtonView+LocalizedString.swift"; sourceTree = "<group>"; };
/* End PBXFileReference section */

/* Begin PBXFrameworksBuildPhase section */
		F36205512B8C961F009DB477 /* Frameworks */ = {
			isa = PBXFrameworksBuildPhase;
			buildActionMask = 2147483647;
			files = (
			);
			runOnlyForDeploymentPostprocessing = 0;
		};
/* End PBXFrameworksBuildPhase section */

/* Begin PBXGroup section */
		F362054B2B8C961F009DB477 = {
			isa = PBXGroup;
			children = (
				F36205562B8C961F009DB477 /* ScanObject */,
				F36205552B8C961F009DB477 /* Products */,
			);
			sourceTree = "<group>";
		};
		F36205552B8C961F009DB477 /* Products */ = {
			isa = PBXGroup;
			children = (
				F36205542B8C961F009DB477 /* ScanObject.app */,
			);
			name = Products;
			sourceTree = "<group>";
		};
		F36205562B8C961F009DB477 /* ScanObject */ = {
			isa = PBXGroup;
			children = (
				F38C56202B8D3F9C004C9A6D /* ViewModel */,
				F36205772B8C9B31009DB477 /* View */,
				F36205682B8C974F009DB477 /* Service */,
				F36205652B8C96BA009DB477 /* Model */,
				F36205572B8C961F009DB477 /* ScanObjectApp.swift */,
				F36205592B8C961F009DB477 /* ContentView.swift */,
				F362055B2B8C9620009DB477 /* Assets.xcassets */,
				F362055D2B8C9620009DB477 /* Preview Content */,
			);
			path = ScanObject;
			sourceTree = "<group>";
		};
		F362055D2B8C9620009DB477 /* Preview Content */ = {
			isa = PBXGroup;
			children = (
				F362055E2B8C9620009DB477 /* Preview Assets.xcassets */,
			);
			path = "Preview Content";
			sourceTree = "<group>";
		};
		F36205652B8C96BA009DB477 /* Model */ = {
			isa = PBXGroup;
			children = (
				F362056B2B8C97C1009DB477 /* ShotFileInfo.swift */,
				F362056D2B8C988A009DB477 /* TimedMessageList.swift */,
			);
			path = Model;
			sourceTree = "<group>";
		};
		F36205682B8C974F009DB477 /* Service */ = {
			isa = PBXGroup;
			children = (
				F36205692B8C9777009DB477 /* CaptureFolderManager.swift */,
				F36205732B8C9A2F009DB477 /* FeedbackMessages.swift */,
				F36205752B8C9AA6009DB477 /* OnboardingStateMachine.swift */,
				F38C56162B8D0902004C9A6D /* UntilProcessingCompleteFilter.swift */,
			);
			path = Service;
			sourceTree = "<group>";
		};
		F36205772B8C9B31009DB477 /* View */ = {
			isa = PBXGroup;
			children = (
				F36205782B8CA6C2009DB477 /* CapturePrimaryView.swift */,
				F362057A2B8CA721009DB477 /* CaptureOverlayView.swift */,
				F362057C2B8CA832009DB477 /* CaptureOverlayView+Buttons.swift */,
				F362057E2B8CA960009DB477 /* CaptureOverlayView+LocalizedString.swift */,
				F38C56042B8D042A004C9A6D /* TutorialVideoView.swift */,
				F38C56022B8D03D4004C9A6D /* PlayerView.swift */,
				F38C56062B8D045F004C9A6D /* FeedbackView.swift */,
				F38C56082B8D04AB004C9A6D /* HelpPageView.swift */,
				F38C560A2B8D04F0004C9A6D /* OnboardingView.swift */,
				F38C560C2B8D0530004C9A6D /* OnboardingTutorialView.swift */,
				F38C560E2B8D0569004C9A6D /* OnboardingTutorialView+LocalizedString.swift */,
				F38C56182B8D09DB004C9A6D /* OnboardingButtonView.swift */,
				F38C561A2B8D0A0C004C9A6D /* OnboardingButtonView+LocalizedString.swift */,
				F38C56102B8D0857004C9A6D /* ReconstructionPrimaryView.swift */,
				F38C56122B8D088C004C9A6D /* ModelView.swift */,
				F38C56142B8D08D4004C9A6D /* ProgressBarView.swift */,
			);
			path = View;
			sourceTree = "<group>";
		};
		F38C56202B8D3F9C004C9A6D /* ViewModel */ = {
			isa = PBXGroup;
			children = (
				F36205662B8C96C8009DB477 /* AppDataModel.swift */,
				F362056F2B8C98E7009DB477 /* AppDataModel+State.swift */,
				F36205712B8C9951009DB477 /* AppDataModel+Orbit.swift */,
			);
			path = ViewModel;
			sourceTree = "<group>";
		};
/* End PBXGroup section */

/* Begin PBXNativeTarget section */
		F36205532B8C961F009DB477 /* ScanObject */ = {
			isa = PBXNativeTarget;
			buildConfigurationList = F36205622B8C9620009DB477 /* Build configuration list for PBXNativeTarget "ScanObject" */;
			buildPhases = (
				F36205502B8C961F009DB477 /* Sources */,
				F36205512B8C961F009DB477 /* Frameworks */,
				F36205522B8C961F009DB477 /* Resources */,
			);
			buildRules = (
			);
			dependencies = (
			);
			name = ScanObject;
			productName = ScanObject;
			productReference = F36205542B8C961F009DB477 /* ScanObject.app */;
			productType = "com.apple.product-type.application";
		};
/* End PBXNativeTarget section */

/* Begin PBXProject section */
		F362054C2B8C961F009DB477 /* Project object */ = {
			isa = PBXProject;
			attributes = {
				BuildIndependentTargetsInParallel = 1;
				LastSwiftUpdateCheck = 1520;
				LastUpgradeCheck = 1520;
				TargetAttributes = {
					F36205532B8C961F009DB477 = {
						CreatedOnToolsVersion = 15.2;
					};
				};
			};
			buildConfigurationList = F362054F2B8C961F009DB477 /* Build configuration list for PBXProject "ScanObject" */;
			compatibilityVersion = "Xcode 14.0";
			developmentRegion = en;
			hasScannedForEncodings = 0;
			knownRegions = (
				en,
				Base,
			);
			mainGroup = F362054B2B8C961F009DB477;
			productRefGroup = F36205552B8C961F009DB477 /* Products */;
			projectDirPath = "";
			projectRoot = "";
			targets = (
				F36205532B8C961F009DB477 /* ScanObject */,
			);
		};
/* End PBXProject section */

/* Begin PBXResourcesBuildPhase section */
		F36205522B8C961F009DB477 /* Resources */ = {
			isa = PBXResourcesBuildPhase;
			buildActionMask = 2147483647;
			files = (
				F362055F2B8C9620009DB477 /* Preview Assets.xcassets in Resources */,
				F362055C2B8C9620009DB477 /* Assets.xcassets in Resources */,
			);
			runOnlyForDeploymentPostprocessing = 0;
		};
/* End PBXResourcesBuildPhase section */

/* Begin PBXSourcesBuildPhase section */
		F36205502B8C961F009DB477 /* Sources */ = {
			isa = PBXSourcesBuildPhase;
			buildActionMask = 2147483647;
			files = (
				F362056A2B8C9777009DB477 /* CaptureFolderManager.swift in Sources */,
				F38C56172B8D0902004C9A6D /* UntilProcessingCompleteFilter.swift in Sources */,
				F38C560D2B8D0530004C9A6D /* OnboardingTutorialView.swift in Sources */,
				F362057F2B8CA960009DB477 /* CaptureOverlayView+LocalizedString.swift in Sources */,
				F38C56112B8D0857004C9A6D /* ReconstructionPrimaryView.swift in Sources */,
				F36205672B8C96C8009DB477 /* AppDataModel.swift in Sources */,
				F38C56032B8D03D4004C9A6D /* PlayerView.swift in Sources */,
				F36205722B8C9951009DB477 /* AppDataModel+Orbit.swift in Sources */,
				F362055A2B8C961F009DB477 /* ContentView.swift in Sources */,
				F362057B2B8CA721009DB477 /* CaptureOverlayView.swift in Sources */,
				F36205762B8C9AA6009DB477 /* OnboardingStateMachine.swift in Sources */,
				F38C56052B8D042A004C9A6D /* TutorialVideoView.swift in Sources */,
				F362057D2B8CA832009DB477 /* CaptureOverlayView+Buttons.swift in Sources */,
				F36205742B8C9A2F009DB477 /* FeedbackMessages.swift in Sources */,
				F38C56152B8D08D4004C9A6D /* ProgressBarView.swift in Sources */,
				F38C560B2B8D04F0004C9A6D /* OnboardingView.swift in Sources */,
				F36205792B8CA6C2009DB477 /* CapturePrimaryView.swift in Sources */,
				F38C560F2B8D0569004C9A6D /* OnboardingTutorialView+LocalizedString.swift in Sources */,
				F36205582B8C961F009DB477 /* ScanObjectApp.swift in Sources */,
				F38C56132B8D088C004C9A6D /* ModelView.swift in Sources */,
				F362056C2B8C97C1009DB477 /* ShotFileInfo.swift in Sources */,
				F38C56192B8D09DB004C9A6D /* OnboardingButtonView.swift in Sources */,
				F38C56092B8D04AB004C9A6D /* HelpPageView.swift in Sources */,
				F36205702B8C98E7009DB477 /* AppDataModel+State.swift in Sources */,
				F38C561B2B8D0A0C004C9A6D /* OnboardingButtonView+LocalizedString.swift in Sources */,
				F362056E2B8C988A009DB477 /* TimedMessageList.swift in Sources */,
				F38C56072B8D045F004C9A6D /* FeedbackView.swift in Sources */,
			);
			runOnlyForDeploymentPostprocessing = 0;
		};
/* End PBXSourcesBuildPhase section */

/* Begin XCBuildConfiguration section */
		F36205602B8C9620009DB477 /* Debug */ = {
			isa = XCBuildConfiguration;
			buildSettings = {
				ALWAYS_SEARCH_USER_PATHS = NO;
				ASSETCATALOG_COMPILER_GENERATE_SWIFT_ASSET_SYMBOL_EXTENSIONS = YES;
				CLANG_ANALYZER_NONNULL = YES;
				CLANG_ANALYZER_NUMBER_OBJECT_CONVERSION = YES_AGGRESSIVE;
				CLANG_CXX_LANGUAGE_STANDARD = "gnu++20";
				CLANG_ENABLE_MODULES = YES;
				CLANG_ENABLE_OBJC_ARC = YES;
				CLANG_ENABLE_OBJC_WEAK = YES;
				CLANG_WARN_BLOCK_CAPTURE_AUTORELEASING = YES;
				CLANG_WARN_BOOL_CONVERSION = YES;
				CLANG_WARN_COMMA = YES;
				CLANG_WARN_CONSTANT_CONVERSION = YES;
				CLANG_WARN_DEPRECATED_OBJC_IMPLEMENTATIONS = YES;
				CLANG_WARN_DIRECT_OBJC_ISA_USAGE = YES_ERROR;
				CLANG_WARN_DOCUMENTATION_COMMENTS = YES;
				CLANG_WARN_EMPTY_BODY = YES;
				CLANG_WARN_ENUM_CONVERSION = YES;
				CLANG_WARN_INFINITE_RECURSION = YES;
				CLANG_WARN_INT_CONVERSION = YES;
				CLANG_WARN_NON_LITERAL_NULL_CONVERSION = YES;
				CLANG_WARN_OBJC_IMPLICIT_RETAIN_SELF = YES;
				CLANG_WARN_OBJC_LITERAL_CONVERSION = YES;
				CLANG_WARN_OBJC_ROOT_CLASS = YES_ERROR;
				CLANG_WARN_QUOTED_INCLUDE_IN_FRAMEWORK_HEADER = YES;
				CLANG_WARN_RANGE_LOOP_ANALYSIS = YES;
				CLANG_WARN_STRICT_PROTOTYPES = YES;
				CLANG_WARN_SUSPICIOUS_MOVE = YES;
				CLANG_WARN_UNGUARDED_AVAILABILITY = YES_AGGRESSIVE;
				CLANG_WARN_UNREACHABLE_CODE = YES;
				CLANG_WARN__DUPLICATE_METHOD_MATCH = YES;
				COPY_PHASE_STRIP = NO;
				DEBUG_INFORMATION_FORMAT = dwarf;
				ENABLE_STRICT_OBJC_MSGSEND = YES;
				ENABLE_TESTABILITY = YES;
				ENABLE_USER_SCRIPT_SANDBOXING = YES;
				GCC_C_LANGUAGE_STANDARD = gnu17;
				GCC_DYNAMIC_NO_PIC = NO;
				GCC_NO_COMMON_BLOCKS = YES;
				GCC_OPTIMIZATION_LEVEL = 0;
				GCC_PREPROCESSOR_DEFINITIONS = (
					"DEBUG=1",
					"$(inherited)",
				);
				GCC_WARN_64_TO_32_BIT_CONVERSION = YES;
				GCC_WARN_ABOUT_RETURN_TYPE = YES_ERROR;
				GCC_WARN_UNDECLARED_SELECTOR = YES;
				GCC_WARN_UNINITIALIZED_AUTOS = YES_AGGRESSIVE;
				GCC_WARN_UNUSED_FUNCTION = YES;
				GCC_WARN_UNUSED_VARIABLE = YES;
				IPHONEOS_DEPLOYMENT_TARGET = 17.2;
				LOCALIZATION_PREFERS_STRING_CATALOGS = YES;
				MTL_ENABLE_DEBUG_INFO = INCLUDE_SOURCE;
				MTL_FAST_MATH = YES;
				ONLY_ACTIVE_ARCH = YES;
				SDKROOT = iphoneos;
				SWIFT_ACTIVE_COMPILATION_CONDITIONS = "DEBUG $(inherited)";
				SWIFT_OPTIMIZATION_LEVEL = "-Onone";
			};
			name = Debug;
		};
		F36205612B8C9620009DB477 /* Release */ = {
			isa = XCBuildConfiguration;
			buildSettings = {
				ALWAYS_SEARCH_USER_PATHS = NO;
				ASSETCATALOG_COMPILER_GENERATE_SWIFT_ASSET_SYMBOL_EXTENSIONS = YES;
				CLANG_ANALYZER_NONNULL = YES;
				CLANG_ANALYZER_NUMBER_OBJECT_CONVERSION = YES_AGGRESSIVE;
				CLANG_CXX_LANGUAGE_STANDARD = "gnu++20";
				CLANG_ENABLE_MODULES = YES;
				CLANG_ENABLE_OBJC_ARC = YES;
				CLANG_ENABLE_OBJC_WEAK = YES;
				CLANG_WARN_BLOCK_CAPTURE_AUTORELEASING = YES;
				CLANG_WARN_BOOL_CONVERSION = YES;
				CLANG_WARN_COMMA = YES;
				CLANG_WARN_CONSTANT_CONVERSION = YES;
				CLANG_WARN_DEPRECATED_OBJC_IMPLEMENTATIONS = YES;
				CLANG_WARN_DIRECT_OBJC_ISA_USAGE = YES_ERROR;
				CLANG_WARN_DOCUMENTATION_COMMENTS = YES;
				CLANG_WARN_EMPTY_BODY = YES;
				CLANG_WARN_ENUM_CONVERSION = YES;
				CLANG_WARN_INFINITE_RECURSION = YES;
				CLANG_WARN_INT_CONVERSION = YES;
				CLANG_WARN_NON_LITERAL_NULL_CONVERSION = YES;
				CLANG_WARN_OBJC_IMPLICIT_RETAIN_SELF = YES;
				CLANG_WARN_OBJC_LITERAL_CONVERSION = YES;
				CLANG_WARN_OBJC_ROOT_CLASS = YES_ERROR;
				CLANG_WARN_QUOTED_INCLUDE_IN_FRAMEWORK_HEADER = YES;
				CLANG_WARN_RANGE_LOOP_ANALYSIS = YES;
				CLANG_WARN_STRICT_PROTOTYPES = YES;
				CLANG_WARN_SUSPICIOUS_MOVE = YES;
				CLANG_WARN_UNGUARDED_AVAILABILITY = YES_AGGRESSIVE;
				CLANG_WARN_UNREACHABLE_CODE = YES;
				CLANG_WARN__DUPLICATE_METHOD_MATCH = YES;
				COPY_PHASE_STRIP = NO;
				DEBUG_INFORMATION_FORMAT = "dwarf-with-dsym";
				ENABLE_NS_ASSERTIONS = NO;
				ENABLE_STRICT_OBJC_MSGSEND = YES;
				ENABLE_USER_SCRIPT_SANDBOXING = YES;
				GCC_C_LANGUAGE_STANDARD = gnu17;
				GCC_NO_COMMON_BLOCKS = YES;
				GCC_WARN_64_TO_32_BIT_CONVERSION = YES;
				GCC_WARN_ABOUT_RETURN_TYPE = YES_ERROR;
				GCC_WARN_UNDECLARED_SELECTOR = YES;
				GCC_WARN_UNINITIALIZED_AUTOS = YES_AGGRESSIVE;
				GCC_WARN_UNUSED_FUNCTION = YES;
				GCC_WARN_UNUSED_VARIABLE = YES;
				IPHONEOS_DEPLOYMENT_TARGET = 17.2;
				LOCALIZATION_PREFERS_STRING_CATALOGS = YES;
				MTL_ENABLE_DEBUG_INFO = NO;
				MTL_FAST_MATH = YES;
				SDKROOT = iphoneos;
				SWIFT_COMPILATION_MODE = wholemodule;
				VALIDATE_PRODUCT = YES;
			};
			name = Release;
		};
		F36205632B8C9620009DB477 /* Debug */ = {
			isa = XCBuildConfiguration;
			buildSettings = {
				ASSETCATALOG_COMPILER_APPICON_NAME = AppIcon;
				ASSETCATALOG_COMPILER_GLOBAL_ACCENT_COLOR_NAME = AccentColor;
				CODE_SIGN_STYLE = Automatic;
				CURRENT_PROJECT_VERSION = 1;
				DEVELOPMENT_ASSET_PATHS = "\"ScanObject/Preview Content\"";
				DEVELOPMENT_TEAM = 6XUZ8654B7;
				ENABLE_PREVIEWS = YES;
				GENERATE_INFOPLIST_FILE = YES;
				INFOPLIST_KEY_NSCameraUsageDescription = "This app uses the camera to scan object";
				INFOPLIST_KEY_UIApplicationSceneManifest_Generation = YES;
				INFOPLIST_KEY_UIApplicationSupportsIndirectInputEvents = YES;
				INFOPLIST_KEY_UILaunchScreen_Generation = YES;
				INFOPLIST_KEY_UIRequiresFullScreen = YES;
				INFOPLIST_KEY_UIStatusBarHidden = YES;
				INFOPLIST_KEY_UISupportedInterfaceOrientations = UIInterfaceOrientationPortrait;
				LD_RUNPATH_SEARCH_PATHS = (
					"$(inherited)",
					"@executable_path/Frameworks",
				);
				MARKETING_VERSION = 1.0;
				PRODUCT_BUNDLE_IDENTIFIER = com.ghostcall.ScanObject;
				PRODUCT_NAME = "$(TARGET_NAME)";
				SWIFT_EMIT_LOC_STRINGS = YES;
				SWIFT_VERSION = 5.0;
				TARGETED_DEVICE_FAMILY = "1,2";
			};
			name = Debug;
		};
		F36205642B8C9620009DB477 /* Release */ = {
			isa = XCBuildConfiguration;
			buildSettings = {
				ASSETCATALOG_COMPILER_APPICON_NAME = AppIcon;
				ASSETCATALOG_COMPILER_GLOBAL_ACCENT_COLOR_NAME = AccentColor;
				CODE_SIGN_STYLE = Automatic;
				CURRENT_PROJECT_VERSION = 1;
				DEVELOPMENT_ASSET_PATHS = "\"ScanObject/Preview Content\"";
				DEVELOPMENT_TEAM = 6XUZ8654B7;
				ENABLE_PREVIEWS = YES;
				GENERATE_INFOPLIST_FILE = YES;
				INFOPLIST_KEY_NSCameraUsageDescription = "This app uses the camera to scan object";
				INFOPLIST_KEY_UIApplicationSceneManifest_Generation = YES;
				INFOPLIST_KEY_UIApplicationSupportsIndirectInputEvents = YES;
				INFOPLIST_KEY_UILaunchScreen_Generation = YES;
				INFOPLIST_KEY_UIRequiresFullScreen = YES;
				INFOPLIST_KEY_UIStatusBarHidden = YES;
				INFOPLIST_KEY_UISupportedInterfaceOrientations = UIInterfaceOrientationPortrait;
				LD_RUNPATH_SEARCH_PATHS = (
					"$(inherited)",
					"@executable_path/Frameworks",
				);
				MARKETING_VERSION = 1.0;
				PRODUCT_BUNDLE_IDENTIFIER = com.ghostcall.ScanObject;
				PRODUCT_NAME = "$(TARGET_NAME)";
				SWIFT_EMIT_LOC_STRINGS = YES;
				SWIFT_VERSION = 5.0;
				TARGETED_DEVICE_FAMILY = "1,2";
			};
			name = Release;
		};
/* End XCBuildConfiguration section */

/* Begin XCConfigurationList section */
		F362054F2B8C961F009DB477 /* Build configuration list for PBXProject "ScanObject" */ = {
			isa = XCConfigurationList;
			buildConfigurations = (
				F36205602B8C9620009DB477 /* Debug */,
				F36205612B8C9620009DB477 /* Release */,
			);
			defaultConfigurationIsVisible = 0;
			defaultConfigurationName = Release;
		};
		F36205622B8C9620009DB477 /* Build configuration list for PBXNativeTarget "ScanObject" */ = {
			isa = XCConfigurationList;
			buildConfigurations = (
				F36205632B8C9620009DB477 /* Debug */,
				F36205642B8C9620009DB477 /* Release */,
			);
			defaultConfigurationIsVisible = 0;
			defaultConfigurationName = Release;
		};
/* End XCConfigurationList section */
	};
	rootObject = F362054C2B8C961F009DB477 /* Project object */;
}
